
Microsoft Visual Studio Solution File, Format Version 12.00
# Visual Studio Version 17
VisualStudioVersion = 17.5.33627.172
MinimumVisualStudioVersion = 10.0.40219.1
Project("{FAE04EC0-301F-11D3-BF4B-00C04F79EFBC}") = "Game_Card", "Game_Card.csproj", "{1500AD72-260C-4657-8CD8-361B0028B076}"
EndProject
Global
	GlobalSection(SolutionConfigurationPlatforms) = preSolution
		Debug|Any CPU = Debug|Any CPU
		Release|Any CPU = Release|Any CPU
	EndGlobalSection
	GlobalSection(ProjectConfigurationPlatforms) = postSolution
		{1500AD72-260C-4657-8CD8-361B0028B076}.Debug|Any CPU.ActiveCfg = Debug|Any CPU
		{1500AD72-260C-4657-8CD8-361B0028B076}.Debug|Any CPU.Build.0 = Debug|Any CPU
		{1500AD72-260C-4657-8CD8-361B0028B076}.Release|Any CPU.ActiveCfg = Release|Any CPU
		{1500AD72-260C-4657-8CD8-361B0028B076}.Release|Any CPU.Build.0 = Release|Any CPU
	EndGlobalSection
	GlobalSection(SolutionProperties) = preSolution
		HideSolutionNode = FALSE
	EndGlobalSection
	GlobalSection(ExtensibilityGlobals) = postSolution
		SolutionGuid = {21E69C5E-EE92-4317-A62C-FB4875890099}
	EndGlobalSection
EndGlobal
